
Microsoft Visual Studio Solution File, Format Version 12.00
# Visual Studio Version 16
VisualStudioVersion = 16.0.31321.278
MinimumVisualStudioVersion = 10.0.40219.1
Project("{FAE04EC0-301F-11D3-BF4B-00C04F79EFBC}") = "CuoiKy", "CuoiKy.csproj", "{2CBFB5E1-1A0B-4AF4-9BD4-E1647444D1DA}"
EndProject
Global
	GlobalSection(SolutionConfigurationPlatforms) = preSolution
		Debug|Any CPU = Debug|Any CPU
		Release|Any CPU = Release|Any CPU
	EndGlobalSection
	GlobalSection(ProjectConfigurationPlatforms) = postSolution
		{2CBFB5E1-1A0B-4AF4-9BD4-E1647444D1DA}.Debug|Any CPU.ActiveCfg = Debug|Any CPU
		{2CBFB5E1-1A0B-4AF4-9BD4-E1647444D1DA}.Debug|Any CPU.Build.0 = Debug|Any CPU
		{2CBFB5E1-1A0B-4AF4-9BD4-E1647444D1DA}.Release|Any CPU.ActiveCfg = Release|Any CPU
		{2CBFB5E1-1A0B-4AF4-9BD4-E1647444D1DA}.Release|Any CPU.Build.0 = Release|Any CPU
	EndGlobalSection
	GlobalSection(SolutionProperties) = preSolution
		HideSolutionNode = FALSE
	EndGlobalSection
	GlobalSection(ExtensibilityGlobals) = postSolution
		SolutionGuid = {36DC7C41-9D04-4B48-9A24-626CB08A1BEC}
	EndGlobalSection
EndGlobal
